// !$*UTF8*$!
{
	archiveVersion = 1;
	classes = {
	};
	objectVersion = 56;
	objects = {

/* Begin PBXBuildFile section */
		47E1FB2EFB1CF69D2544C9DD /* Pods_LayoutInCodeTest_ViktorPrikilota.framework in Frameworks */ = {isa = PBXBuildFile; fileRef = B188BD109329A52BC626BC24 /* Pods_LayoutInCodeTest_ViktorPrikilota.framework */; };
		6C57C30C2BDCC8DC0032E0D1 /* SignupController.swift in Sources */ = {isa = PBXBuildFile; fileRef = 6C57C30B2BDCC8DC0032E0D1 /* SignupController.swift */; };
		6C846D2E2BDD792A00BCCE0E /* TextBlock.swift in Sources */ = {isa = PBXBuildFile; fileRef = 6C846D2D2BDD792A00BCCE0E /* TextBlock.swift */; };
		6C846D312BDDC3E100BCCE0E /* UIColorExtension.swift in Sources */ = {isa = PBXBuildFile; fileRef = 6C846D302BDDC3E100BCCE0E /* UIColorExtension.swift */; };
		6CAA8A542BDCAE07009A1737 /* AppDelegate.swift in Sources */ = {isa = PBXBuildFile; fileRef = 6CAA8A532BDCAE07009A1737 /* AppDelegate.swift */; };
		6CAA8A562BDCAE07009A1737 /* SceneDelegate.swift in Sources */ = {isa = PBXBuildFile; fileRef = 6CAA8A552BDCAE07009A1737 /* SceneDelegate.swift */; };
		6CAA8A582BDCAE07009A1737 /* LoginController.swift in Sources */ = {isa = PBXBuildFile; fileRef = 6CAA8A572BDCAE07009A1737 /* LoginController.swift */; };
		6CAA8A5D2BDCAE09009A1737 /* Assets.xcassets in Resources */ = {isa = PBXBuildFile; fileRef = 6CAA8A5C2BDCAE09009A1737 /* Assets.xcassets */; };
		6CAA8A602BDCAE09009A1737 /* Base in Resources */ = {isa = PBXBuildFile; fileRef = 6CAA8A5F2BDCAE09009A1737 /* Base */; };
/* End PBXBuildFile section */

/* Begin PBXFileReference section */
		6C57C30B2BDCC8DC0032E0D1 /* SignupController.swift */ = {isa = PBXFileReference; lastKnownFileType = sourcecode.swift; path = SignupController.swift; sourceTree = "<group>"; };
		6C846D2D2BDD792A00BCCE0E /* TextBlock.swift */ = {isa = PBXFileReference; lastKnownFileType = sourcecode.swift; path = TextBlock.swift; sourceTree = "<group>"; };
		6C846D302BDDC3E100BCCE0E /* UIColorExtension.swift */ = {isa = PBXFileReference; lastKnownFileType = sourcecode.swift; path = UIColorExtension.swift; sourceTree = "<group>"; };
		6CAA8A502BDCAE07009A1737 /* LayoutInCodeTest_ViktorPrikilota.app */ = {isa = PBXFileReference; explicitFileType = wrapper.application; includeInIndex = 0; path = LayoutInCodeTest_ViktorPrikilota.app; sourceTree = BUILT_PRODUCTS_DIR; };
		6CAA8A532BDCAE07009A1737 /* AppDelegate.swift */ = {isa = PBXFileReference; lastKnownFileType = sourcecode.swift; path = AppDelegate.swift; sourceTree = "<group>"; };
		6CAA8A552BDCAE07009A1737 /* SceneDelegate.swift */ = {isa = PBXFileReference; lastKnownFileType = sourcecode.swift; path = SceneDelegate.swift; sourceTree = "<group>"; };
		6CAA8A572BDCAE07009A1737 /* LoginController.swift */ = {isa = PBXFileReference; lastKnownFileType = sourcecode.swift; path = LoginController.swift; sourceTree = "<group>"; };
		6CAA8A5C2BDCAE09009A1737 /* Assets.xcassets */ = {isa = PBXFileReference; lastKnownFileType = folder.assetcatalog; path = Assets.xcassets; sourceTree = "<group>"; };
		6CAA8A5F2BDCAE09009A1737 /* Base */ = {isa = PBXFileReference; lastKnownFileType = file.storyboard; name = Base; path = Base.lproj/LaunchScreen.storyboard; sourceTree = "<group>"; };
		6CAA8A612BDCAE09009A1737 /* Info.plist */ = {isa = PBXFileReference; lastKnownFileType = text.plist.xml; path = Info.plist; sourceTree = "<group>"; };
		B188BD109329A52BC626BC24 /* Pods_LayoutInCodeTest_ViktorPrikilota.framework */ = {isa = PBXFileReference; explicitFileType = wrapper.framework; includeInIndex = 0; path = Pods_LayoutInCodeTest_ViktorPrikilota.framework; sourceTree = BUILT_PRODUCTS_DIR; };
		BB37CC34F22325C9538A6412 /* Pods-LayoutInCodeTest_ViktorPrikilota.release.xcconfig */ = {isa = PBXFileReference; includeInIndex = 1; lastKnownFileType = text.xcconfig; name = "Pods-LayoutInCodeTest_ViktorPrikilota.release.xcconfig"; path = "Target Support Files/Pods-LayoutInCodeTest_ViktorPrikilota/Pods-LayoutInCodeTest_ViktorPrikilota.release.xcconfig"; sourceTree = "<group>"; };
		F871573D86B0515F36F962C0 /* Pods-LayoutInCodeTest_ViktorPrikilota.debug.xcconfig */ = {isa = PBXFileReference; includeInIndex = 1; lastKnownFileType = text.xcconfig; name = "Pods-LayoutInCodeTest_ViktorPrikilota.debug.xcconfig"; path = "Target Support Files/Pods-LayoutInCodeTest_ViktorPrikilota/Pods-LayoutInCodeTest_ViktorPrikilota.debug.xcconfig"; sourceTree = "<group>"; };
/* End PBXFileReference section */

/* Begin PBXFrameworksBuildPhase section */
		6CAA8A4D2BDCAE07009A1737 /* Frameworks */ = {
			isa = PBXFrameworksBuildPhase;
			buildActionMask = 2147483647;
			files = (
				47E1FB2EFB1CF69D2544C9DD /* Pods_LayoutInCodeTest_ViktorPrikilota.framework in Frameworks */,
			);
			runOnlyForDeploymentPostprocessing = 0;
		};
/* End PBXFrameworksBuildPhase section */

/* Begin PBXGroup section */
		6C846D2F2BDDC3C200BCCE0E /* Extensions */ = {
			isa = PBXGroup;
			children = (
				6C846D302BDDC3E100BCCE0E /* UIColorExtension.swift */,
			);
			path = Extensions;
			sourceTree = "<group>";
		};
		6CAA8A472BDCAE07009A1737 = {
			isa = PBXGroup;
			children = (
				6CAA8A522BDCAE07009A1737 /* LayoutInCodeTest_ViktorPrikilota */,
				6C846D2F2BDDC3C200BCCE0E /* Extensions */,
				6CAA8A512BDCAE07009A1737 /* Products */,
				860A4D3BA0A7F2C581578EF2 /* Pods */,
				DADD772070B17CCB0C3DD266 /* Frameworks */,
			);
			sourceTree = "<group>";
		};
		6CAA8A512BDCAE07009A1737 /* Products */ = {
			isa = PBXGroup;
			children = (
				6CAA8A502BDCAE07009A1737 /* LayoutInCodeTest_ViktorPrikilota.app */,
			);
			name = Products;
			sourceTree = "<group>";
		};
		6CAA8A522BDCAE07009A1737 /* LayoutInCodeTest_ViktorPrikilota */ = {
			isa = PBXGroup;
			children = (
				6CAA8A532BDCAE07009A1737 /* AppDelegate.swift */,
				6CAA8A552BDCAE07009A1737 /* SceneDelegate.swift */,
				6C57C30B2BDCC8DC0032E0D1 /* SignupController.swift */,
				6CAA8A572BDCAE07009A1737 /* LoginController.swift */,
				6C846D2D2BDD792A00BCCE0E /* TextBlock.swift */,
				6CAA8A5C2BDCAE09009A1737 /* Assets.xcassets */,
				6CAA8A5E2BDCAE09009A1737 /* LaunchScreen.storyboard */,
				6CAA8A612BDCAE09009A1737 /* Info.plist */,
			);
			path = LayoutInCodeTest_ViktorPrikilota;
			sourceTree = "<group>";
		};
		860A4D3BA0A7F2C581578EF2 /* Pods */ = {
			isa = PBXGroup;
			children = (
				F871573D86B0515F36F962C0 /* Pods-LayoutInCodeTest_ViktorPrikilota.debug.xcconfig */,
				BB37CC34F22325C9538A6412 /* Pods-LayoutInCodeTest_ViktorPrikilota.release.xcconfig */,
			);
			path = Pods;
			sourceTree = "<group>";
		};
		DADD772070B17CCB0C3DD266 /* Frameworks */ = {
			isa = PBXGroup;
			children = (
				B188BD109329A52BC626BC24 /* Pods_LayoutInCodeTest_ViktorPrikilota.framework */,
			);
			name = Frameworks;
			sourceTree = "<group>";
		};
/* End PBXGroup section */

/* Begin PBXNativeTarget section */
		6CAA8A4F2BDCAE07009A1737 /* LayoutInCodeTest_ViktorPrikilota */ = {
			isa = PBXNativeTarget;
			buildConfigurationList = 6CAA8A642BDCAE09009A1737 /* Build configuration list for PBXNativeTarget "LayoutInCodeTest_ViktorPrikilota" */;
			buildPhases = (
				52183444CAB75BA5D3114165 /* [CP] Check Pods Manifest.lock */,
				6CAA8A4C2BDCAE07009A1737 /* Sources */,
				6CAA8A4D2BDCAE07009A1737 /* Frameworks */,
				6CAA8A4E2BDCAE07009A1737 /* Resources */,
				CA1273BCD652414BCE5E8C14 /* [CP] Embed Pods Frameworks */,
			);
			buildRules = (
			);
			dependencies = (
			);
			name = LayoutInCodeTest_ViktorPrikilota;
			productName = LayoutInCodeTest_ViktorPrikilota;
			productReference = 6CAA8A502BDCAE07009A1737 /* LayoutInCodeTest_ViktorPrikilota.app */;
			productType = "com.apple.product-type.application";
		};
/* End PBXNativeTarget section */

/* Begin PBXProject section */
		6CAA8A482BDCAE07009A1737 /* Project object */ = {
			isa = PBXProject;
			attributes = {
				BuildIndependentTargetsInParallel = 1;
				LastSwiftUpdateCheck = 1530;
				LastUpgradeCheck = 1530;
				TargetAttributes = {
					6CAA8A4F2BDCAE07009A1737 = {
						CreatedOnToolsVersion = 15.3;
					};
				};
			};
			buildConfigurationList = 6CAA8A4B2BDCAE07009A1737 /* Build configuration list for PBXProject "LayoutInCodeTest_ViktorPrikilota" */;
			compatibilityVersion = "Xcode 14.0";
			developmentRegion = en;
			hasScannedForEncodings = 0;
			knownRegions = (
				en,
				Base,
			);
			mainGroup = 6CAA8A472BDCAE07009A1737;
			productRefGroup = 6CAA8A512BDCAE07009A1737 /* Products */;
			projectDirPath = "";
			projectRoot = "";
			targets = (
				6CAA8A4F2BDCAE07009A1737 /* LayoutInCodeTest_ViktorPrikilota */,
			);
		};
/* End PBXProject section */

/* Begin PBXResourcesBuildPhase section */
		6CAA8A4E2BDCAE07009A1737 /* Resources */ = {
			isa = PBXResourcesBuildPhase;
			buildActionMask = 2147483647;
			files = (
				6CAA8A5D2BDCAE09009A1737 /* Assets.xcassets in Resources */,
				6CAA8A602BDCAE09009A1737 /* Base in Resources */,
			);
			runOnlyForDeploymentPostprocessing = 0;
		};
/* End PBXResourcesBuildPhase section */

/* Begin PBXShellScriptBuildPhase section */
		52183444CAB75BA5D3114165 /* [CP] Check Pods Manifest.lock */ = {
			isa = PBXShellScriptBuildPhase;
			buildActionMask = 2147483647;
			files = (
			);
			inputFileListPaths = (
			);
			inputPaths = (
				"${PODS_PODFILE_DIR_PATH}/Podfile.lock",
				"${PODS_ROOT}/Manifest.lock",
			);
			name = "[CP] Check Pods Manifest.lock";
			outputFileListPaths = (
			);
			outputPaths = (
				"$(DERIVED_FILE_DIR)/Pods-LayoutInCodeTest_ViktorPrikilota-checkManifestLockResult.txt",
			);
			runOnlyForDeploymentPostprocessing = 0;
			shellPath = /bin/sh;
			shellScript = "diff \"${PODS_PODFILE_DIR_PATH}/Podfile.lock\" \"${PODS_ROOT}/Manifest.lock\" > /dev/null\nif [ $? != 0 ] ; then\n    # print error to STDERR\n    echo \"error: The sandbox is not in sync with the Podfile.lock. Run 'pod install' or update your CocoaPods installation.\" >&2\n    exit 1\nfi\n# This output is used by Xcode 'outputs' to avoid re-running this script phase.\necho \"SUCCESS\" > \"${SCRIPT_OUTPUT_FILE_0}\"\n";
			showEnvVarsInLog = 0;
		};
		CA1273BCD652414BCE5E8C14 /* [CP] Embed Pods Frameworks */ = {
			isa = PBXShellScriptBuildPhase;
			buildActionMask = 2147483647;
			files = (
			);
			inputFileListPaths = (
				"${PODS_ROOT}/Target Support Files/Pods-LayoutInCodeTest_ViktorPrikilota/Pods-LayoutInCodeTest_ViktorPrikilota-frameworks-${CONFIGURATION}-input-files.xcfilelist",
			);
			name = "[CP] Embed Pods Frameworks";
			outputFileListPaths = (
				"${PODS_ROOT}/Target Support Files/Pods-LayoutInCodeTest_ViktorPrikilota/Pods-LayoutInCodeTest_ViktorPrikilota-frameworks-${CONFIGURATION}-output-files.xcfilelist",
			);
			runOnlyForDeploymentPostprocessing = 0;
			shellPath = /bin/sh;
			shellScript = "\"${PODS_ROOT}/Target Support Files/Pods-LayoutInCodeTest_ViktorPrikilota/Pods-LayoutInCodeTest_ViktorPrikilota-frameworks.sh\"\n";
			showEnvVarsInLog = 0;
		};
/* End PBXShellScriptBuildPhase section */

/* Begin PBXSourcesBuildPhase section */
		6CAA8A4C2BDCAE07009A1737 /* Sources */ = {
			isa = PBXSourcesBuildPhase;
			buildActionMask = 2147483647;
			files = (
				6CAA8A582BDCAE07009A1737 /* LoginController.swift in Sources */,
				6CAA8A542BDCAE07009A1737 /* AppDelegate.swift in Sources */,
				6C846D2E2BDD792A00BCCE0E /* TextBlock.swift in Sources */,
				6C57C30C2BDCC8DC0032E0D1 /* SignupController.swift in Sources */,
				6CAA8A562BDCAE07009A1737 /* SceneDelegate.swift in Sources */,
				6C846D312BDDC3E100BCCE0E /* UIColorExtension.swift in Sources */,
			);
			runOnlyForDeploymentPostprocessing = 0;
		};
/* End PBXSourcesBuildPhase section */

/* Begin PBXVariantGroup section */
		6CAA8A5E2BDCAE09009A1737 /* LaunchScreen.storyboard */ = {
			isa = PBXVariantGroup;
			children = (
				6CAA8A5F2BDCAE09009A1737 /* Base */,
			);
			name = LaunchScreen.storyboard;
			sourceTree = "<group>";
		};
/* End PBXVariantGroup section */

/* Begin XCBuildConfiguration section */
		6CAA8A622BDCAE09009A1737 /* Debug */ = {
			isa = XCBuildConfiguration;
			buildSettings = {
				ALWAYS_SEARCH_USER_PATHS = NO;
				ASSETCATALOG_COMPILER_GENERATE_SWIFT_ASSET_SYMBOL_EXTENSIONS = YES;
				CLANG_ANALYZER_NONNULL = YES;
				CLANG_ANALYZER_NUMBER_OBJECT_CONVERSION = YES_AGGRESSIVE;
				CLANG_CXX_LANGUAGE_STANDARD = "gnu++20";
				CLANG_ENABLE_MODULES = YES;
				CLANG_ENABLE_OBJC_ARC = YES;
				CLANG_ENABLE_OBJC_WEAK = YES;
				CLANG_WARN_BLOCK_CAPTURE_AUTORELEASING = YES;
				CLANG_WARN_BOOL_CONVERSION = YES;
				CLANG_WARN_COMMA = YES;
				CLANG_WARN_CONSTANT_CONVERSION = YES;
				CLANG_WARN_DEPRECATED_OBJC_IMPLEMENTATIONS = YES;
				CLANG_WARN_DIRECT_OBJC_ISA_USAGE = YES_ERROR;
				CLANG_WARN_DOCUMENTATION_COMMENTS = YES;
				CLANG_WARN_EMPTY_BODY = YES;
				CLANG_WARN_ENUM_CONVERSION = YES;
				CLANG_WARN_INFINITE_RECURSION = YES;
				CLANG_WARN_INT_CONVERSION = YES;
				CLANG_WARN_NON_LITERAL_NULL_CONVERSION = YES;
				CLANG_WARN_OBJC_IMPLICIT_RETAIN_SELF = YES;
				CLANG_WARN_OBJC_LITERAL_CONVERSION = YES;
				CLANG_WARN_OBJC_ROOT_CLASS = YES_ERROR;
				CLANG_WARN_QUOTED_INCLUDE_IN_FRAMEWORK_HEADER = YES;
				CLANG_WARN_RANGE_LOOP_ANALYSIS = YES;
				CLANG_WARN_STRICT_PROTOTYPES = YES;
				CLANG_WARN_SUSPICIOUS_MOVE = YES;
				CLANG_WARN_UNGUARDED_AVAILABILITY = YES_AGGRESSIVE;
				CLANG_WARN_UNREACHABLE_CODE = YES;
				CLANG_WARN__DUPLICATE_METHOD_MATCH = YES;
				COPY_PHASE_STRIP = NO;
				DEBUG_INFORMATION_FORMAT = dwarf;
				ENABLE_STRICT_OBJC_MSGSEND = YES;
				ENABLE_TESTABILITY = YES;
				ENABLE_USER_SCRIPT_SANDBOXING = NO;
				GCC_C_LANGUAGE_STANDARD = gnu17;
				GCC_DYNAMIC_NO_PIC = NO;
				GCC_NO_COMMON_BLOCKS = YES;
				GCC_OPTIMIZATION_LEVEL = 0;
				GCC_PREPROCESSOR_DEFINITIONS = (
					"DEBUG=1",
					"$(inherited)",
				);
				GCC_WARN_64_TO_32_BIT_CONVERSION = YES;
				GCC_WARN_ABOUT_RETURN_TYPE = YES_ERROR;
				GCC_WARN_UNDECLARED_SELECTOR = YES;
				GCC_WARN_UNINITIALIZED_AUTOS = YES_AGGRESSIVE;
				GCC_WARN_UNUSED_FUNCTION = YES;
				GCC_WARN_UNUSED_VARIABLE = YES;
				IPHONEOS_DEPLOYMENT_TARGET = 17.4;
				LOCALIZATION_PREFERS_STRING_CATALOGS = YES;
				MTL_ENABLE_DEBUG_INFO = INCLUDE_SOURCE;
				MTL_FAST_MATH = YES;
				ONLY_ACTIVE_ARCH = YES;
				SDKROOT = iphoneos;
				SWIFT_ACTIVE_COMPILATION_CONDITIONS = "DEBUG $(inherited)";
				SWIFT_OPTIMIZATION_LEVEL = "-Onone";
			};
			name = Debug;
		};
		6CAA8A632BDCAE09009A1737 /* Release */ = {
			isa = XCBuildConfiguration;
			buildSettings = {
				ALWAYS_SEARCH_USER_PATHS = NO;
				ASSETCATALOG_COMPILER_GENERATE_SWIFT_ASSET_SYMBOL_EXTENSIONS = YES;
				CLANG_ANALYZER_NONNULL = YES;
				CLANG_ANALYZER_NUMBER_OBJECT_CONVERSION = YES_AGGRESSIVE;
				CLANG_CXX_LANGUAGE_STANDARD = "gnu++20";
				CLANG_ENABLE_MODULES = YES;
				CLANG_ENABLE_OBJC_ARC = YES;
				CLANG_ENABLE_OBJC_WEAK = YES;
				CLANG_WARN_BLOCK_CAPTURE_AUTORELEASING = YES;
				CLANG_WARN_BOOL_CONVERSION = YES;
				CLANG_WARN_COMMA = YES;
				CLANG_WARN_CONSTANT_CONVERSION = YES;
				CLANG_WARN_DEPRECATED_OBJC_IMPLEMENTATIONS = YES;
				CLANG_WARN_DIRECT_OBJC_ISA_USAGE = YES_ERROR;
				CLANG_WARN_DOCUMENTATION_COMMENTS = YES;
				CLANG_WARN_EMPTY_BODY = YES;
				CLANG_WARN_ENUM_CONVERSION = YES;
				CLANG_WARN_INFINITE_RECURSION = YES;
				CLANG_WARN_INT_CONVERSION = YES;
				CLANG_WARN_NON_LITERAL_NULL_CONVERSION = YES;
				CLANG_WARN_OBJC_IMPLICIT_RETAIN_SELF = YES;
				CLANG_WARN_OBJC_LITERAL_CONVERSION = YES;
				CLANG_WARN_OBJC_ROOT_CLASS = YES_ERROR;
				CLANG_WARN_QUOTED_INCLUDE_IN_FRAMEWORK_HEADER = YES;
				CLANG_WARN_RANGE_LOOP_ANALYSIS = YES;
				CLANG_WARN_STRICT_PROTOTYPES = YES;
				CLANG_WARN_SUSPICIOUS_MOVE = YES;
				CLANG_WARN_UNGUARDED_AVAILABILITY = YES_AGGRESSIVE;
				CLANG_WARN_UNREACHABLE_CODE = YES;
				CLANG_WARN__DUPLICATE_METHOD_MATCH = YES;
				COPY_PHASE_STRIP = NO;
				DEBUG_INFORMATION_FORMAT = "dwarf-with-dsym";
				ENABLE_NS_ASSERTIONS = NO;
				ENABLE_STRICT_OBJC_MSGSEND = YES;
				ENABLE_USER_SCRIPT_SANDBOXING = NO;
				GCC_C_LANGUAGE_STANDARD = gnu17;
				GCC_NO_COMMON_BLOCKS = YES;
				GCC_WARN_64_TO_32_BIT_CONVERSION = YES;
				GCC_WARN_ABOUT_RETURN_TYPE = YES_ERROR;
				GCC_WARN_UNDECLARED_SELECTOR = YES;
				GCC_WARN_UNINITIALIZED_AUTOS = YES_AGGRESSIVE;
				GCC_WARN_UNUSED_FUNCTION = YES;
				GCC_WARN_UNUSED_VARIABLE = YES;
				IPHONEOS_DEPLOYMENT_TARGET = 17.4;
				LOCALIZATION_PREFERS_STRING_CATALOGS = YES;
				MTL_ENABLE_DEBUG_INFO = NO;
				MTL_FAST_MATH = YES;
				SDKROOT = iphoneos;
				SWIFT_COMPILATION_MODE = wholemodule;
				VALIDATE_PRODUCT = YES;
			};
			name = Release;
		};
		6CAA8A652BDCAE09009A1737 /* Debug */ = {
			isa = XCBuildConfiguration;
			baseConfigurationReference = F871573D86B0515F36F962C0 /* Pods-LayoutInCodeTest_ViktorPrikilota.debug.xcconfig */;
			buildSettings = {
				ASSETCATALOG_COMPILER_APPICON_NAME = AppIcon;
				ASSETCATALOG_COMPILER_GLOBAL_ACCENT_COLOR_NAME = AccentColor;
				CODE_SIGN_STYLE = Automatic;
				CURRENT_PROJECT_VERSION = 1;
				DEVELOPMENT_TEAM = 9Y6293N9NZ;
				GENERATE_INFOPLIST_FILE = YES;
				INFOPLIST_FILE = LayoutInCodeTest_ViktorPrikilota/Info.plist;
				INFOPLIST_KEY_UIApplicationSupportsIndirectInputEvents = YES;
				INFOPLIST_KEY_UILaunchStoryboardName = LaunchScreen;
				INFOPLIST_KEY_UIMainStoryboardFile = "";
				INFOPLIST_KEY_UISupportedInterfaceOrientations_iPad = "UIInterfaceOrientationPortrait UIInterfaceOrientationPortraitUpsideDown UIInterfaceOrientationLandscapeLeft UIInterfaceOrientationLandscapeRight";
				INFOPLIST_KEY_UISupportedInterfaceOrientations_iPhone = "UIInterfaceOrientationPortrait UIInterfaceOrientationLandscapeLeft UIInterfaceOrientationLandscapeRight";
				LD_RUNPATH_SEARCH_PATHS = (
					"$(inherited)",
					"@executable_path/Frameworks",
				);
				MARKETING_VERSION = 1.0;
				PRODUCT_BUNDLE_IDENTIFIER = "com.arsalashka.LayoutInCodeTest-ViktorPrikilota";
				PRODUCT_NAME = "$(TARGET_NAME)";
				SWIFT_EMIT_LOC_STRINGS = YES;
				SWIFT_VERSION = 5.0;
				TARGETED_DEVICE_FAMILY = "1,2";
			};
			name = Debug;
		};
		6CAA8A662BDCAE09009A1737 /* Release */ = {
			isa = XCBuildConfiguration;
			baseConfigurationReference = BB37CC34F22325C9538A6412 /* Pods-LayoutInCodeTest_ViktorPrikilota.release.xcconfig */;
			buildSettings = {
				ASSETCATALOG_COMPILER_APPICON_NAME = AppIcon;
				ASSETCATALOG_COMPILER_GLOBAL_ACCENT_COLOR_NAME = AccentColor;
				CODE_SIGN_STYLE = Automatic;
				CURRENT_PROJECT_VERSION = 1;
				DEVELOPMENT_TEAM = 9Y6293N9NZ;
				GENERATE_INFOPLIST_FILE = YES;
				INFOPLIST_FILE = LayoutInCodeTest_ViktorPrikilota/Info.plist;
				INFOPLIST_KEY_UIApplicationSupportsIndirectInputEvents = YES;
				INFOPLIST_KEY_UILaunchStoryboardName = LaunchScreen;
				INFOPLIST_KEY_UIMainStoryboardFile = "";
				INFOPLIST_KEY_UISupportedInterfaceOrientations_iPad = "UIInterfaceOrientationPortrait UIInterfaceOrientationPortraitUpsideDown UIInterfaceOrientationLandscapeLeft UIInterfaceOrientationLandscapeRight";
				INFOPLIST_KEY_UISupportedInterfaceOrientations_iPhone = "UIInterfaceOrientationPortrait UIInterfaceOrientationLandscapeLeft UIInterfaceOrientationLandscapeRight";
				LD_RUNPATH_SEARCH_PATHS = (
					"$(inherited)",
					"@executable_path/Frameworks",
				);
				MARKETING_VERSION = 1.0;
				PRODUCT_BUNDLE_IDENTIFIER = "com.arsalashka.LayoutInCodeTest-ViktorPrikilota";
				PRODUCT_NAME = "$(TARGET_NAME)";
				SWIFT_EMIT_LOC_STRINGS = YES;
				SWIFT_VERSION = 5.0;
				TARGETED_DEVICE_FAMILY = "1,2";
			};
			name = Release;
		};
/* End XCBuildConfiguration section */

/* Begin XCConfigurationList section */
		6CAA8A4B2BDCAE07009A1737 /* Build configuration list for PBXProject "LayoutInCodeTest_ViktorPrikilota" */ = {
			isa = XCConfigurationList;
			buildConfigurations = (
				6CAA8A622BDCAE09009A1737 /* Debug */,
				6CAA8A632BDCAE09009A1737 /* Release */,
			);
			defaultConfigurationIsVisible = 0;
			defaultConfigurationName = Release;
		};
		6CAA8A642BDCAE09009A1737 /* Build configuration list for PBXNativeTarget "LayoutInCodeTest_ViktorPrikilota" */ = {
			isa = XCConfigurationList;
			buildConfigurations = (
				6CAA8A652BDCAE09009A1737 /* Debug */,
				6CAA8A662BDCAE09009A1737 /* Release */,
			);
			defaultConfigurationIsVisible = 0;
			defaultConfigurationName = Release;
		};
/* End XCConfigurationList section */
	};
	rootObject = 6CAA8A482BDCAE07009A1737 /* Project object */;
}
